
Microsoft Visual Studio Solution File, Format Version 12.00
# Visual Studio Version 16
VisualStudioVersion = 16.0.31019.35
MinimumVisualStudioVersion = 10.0.40219.1
Project("{9A19103F-16F7-4668-BE54-9A1E7A4F7556}") = "T1_Chitanka", "T1_Chitanka\T1_Chitanka.csproj", "{468EB552-CAC3-491C-83DB-58A1106A74D9}"
EndProject
Project("{9A19103F-16F7-4668-BE54-9A1E7A4F7556}") = "T2_OnlineShop", "T2_OnlineShop\T2_OnlineShop.csproj", "{20D3BC58-0C9D-44E4-88E9-D8EA78546206}"
EndProject
Project("{9A19103F-16F7-4668-BE54-9A1E7A4F7556}") = "T2_OnlineShopTests", "T2_OnlineShopTests\T2_OnlineShopTests.csproj", "{F7C35565-BCAE-4243-B8E3-92EF593BA097}"
EndProject
Project("{9A19103F-16F7-4668-BE54-9A1E7A4F7556}") = "T3_PriceScraper", "T3_PriceScraper\T3_PriceScraper.csproj", "{D12EC8B6-831A-4657-A3D1-951979590A80}"
EndProject
Project("{9A19103F-16F7-4668-BE54-9A1E7A4F7556}") = "T4_BarSimulator", "T4_BarSimulator\T4_BarSimulator.csproj", "{69F6F000-55CE-481C-A39A-00A068178A86}"
EndProject
Project("{9A19103F-16F7-4668-BE54-9A1E7A4F7556}") = "T5_Area51", "T5_Area51\T5_Area51.csproj", "{48917D6A-9881-4E0D-8643-4A88D16CA6B8}"
EndProject
Global
	GlobalSection(SolutionConfigurationPlatforms) = preSolution
		Debug|Any CPU = Debug|Any CPU
		Release|Any CPU = Release|Any CPU
	EndGlobalSection
	GlobalSection(ProjectConfigurationPlatforms) = postSolution
		{468EB552-CAC3-491C-83DB-58A1106A74D9}.Debug|Any CPU.ActiveCfg = Debug|Any CPU
		{468EB552-CAC3-491C-83DB-58A1106A74D9}.Debug|Any CPU.Build.0 = Debug|Any CPU
		{468EB552-CAC3-491C-83DB-58A1106A74D9}.Release|Any CPU.ActiveCfg = Release|Any CPU
		{468EB552-CAC3-491C-83DB-58A1106A74D9}.Release|Any CPU.Build.0 = Release|Any CPU
		{20D3BC58-0C9D-44E4-88E9-D8EA78546206}.Debug|Any CPU.ActiveCfg = Debug|Any CPU
		{20D3BC58-0C9D-44E4-88E9-D8EA78546206}.Debug|Any CPU.Build.0 = Debug|Any CPU
		{20D3BC58-0C9D-44E4-88E9-D8EA78546206}.Release|Any CPU.ActiveCfg = Release|Any CPU
		{20D3BC58-0C9D-44E4-88E9-D8EA78546206}.Release|Any CPU.Build.0 = Release|Any CPU
		{F7C35565-BCAE-4243-B8E3-92EF593BA097}.Debug|Any CPU.ActiveCfg = Debug|Any CPU
		{F7C35565-BCAE-4243-B8E3-92EF593BA097}.Debug|Any CPU.Build.0 = Debug|Any CPU
		{F7C35565-BCAE-4243-B8E3-92EF593BA097}.Release|Any CPU.ActiveCfg = Release|Any CPU
		{F7C35565-BCAE-4243-B8E3-92EF593BA097}.Release|Any CPU.Build.0 = Release|Any CPU
		{D12EC8B6-831A-4657-A3D1-951979590A80}.Debug|Any CPU.ActiveCfg = Debug|Any CPU
		{D12EC8B6-831A-4657-A3D1-951979590A80}.Debug|Any CPU.Build.0 = Debug|Any CPU
		{D12EC8B6-831A-4657-A3D1-951979590A80}.Release|Any CPU.ActiveCfg = Release|Any CPU
		{D12EC8B6-831A-4657-A3D1-951979590A80}.Release|Any CPU.Build.0 = Release|Any CPU
		{69F6F000-55CE-481C-A39A-00A068178A86}.Debug|Any CPU.ActiveCfg = Debug|Any CPU
		{69F6F000-55CE-481C-A39A-00A068178A86}.Debug|Any CPU.Build.0 = Debug|Any CPU
		{69F6F000-55CE-481C-A39A-00A068178A86}.Release|Any CPU.ActiveCfg = Release|Any CPU
		{69F6F000-55CE-481C-A39A-00A068178A86}.Release|Any CPU.Build.0 = Release|Any CPU
		{48917D6A-9881-4E0D-8643-4A88D16CA6B8}.Debug|Any CPU.ActiveCfg = Debug|Any CPU
		{48917D6A-9881-4E0D-8643-4A88D16CA6B8}.Debug|Any CPU.Build.0 = Debug|Any CPU
		{48917D6A-9881-4E0D-8643-4A88D16CA6B8}.Release|Any CPU.ActiveCfg = Release|Any CPU
		{48917D6A-9881-4E0D-8643-4A88D16CA6B8}.Release|Any CPU.Build.0 = Release|Any CPU
	EndGlobalSection
	GlobalSection(SolutionProperties) = preSolution
		HideSolutionNode = FALSE
	EndGlobalSection
	GlobalSection(ExtensibilityGlobals) = postSolution
		SolutionGuid = {4D9DC582-D8D1-4C95-87D2-4C6A0BE9E131}
	EndGlobalSection
EndGlobal
